
Microsoft Visual Studio Solution File, Format Version 11.00
# Visual Studio 2010
Project("{8BC9CEB8-8B4A-11D0-8D11-00A0C91BC942}") = "octree", "octree.vcxproj", "{12A64063-7D86-4A30-AB08-3EF226CEEDFB}"
EndProject
Project("{8BC9CEB8-8B4A-11D0-8D11-00A0C91BC942}") = "common", "..\common\common.vcxproj", "{512503B9-9D80-41DA-9213-D900B3F21CEF}"
EndProject
Global
	GlobalSection(SolutionConfigurationPlatforms) = preSolution
		Debug|Win32 = Debug|Win32
		Debug|x64 = Debug|x64
		Release|Win32 = Release|Win32
		Release|x64 = Release|x64
	EndGlobalSection
	GlobalSection(ProjectConfigurationPlatforms) = postSolution
		{12A64063-7D86-4A30-AB08-3EF226CEEDFB}.Debug|Win32.ActiveCfg = Debug|Win32
		{12A64063-7D86-4A30-AB08-3EF226CEEDFB}.Debug|Win32.Build.0 = Debug|Win32
		{12A64063-7D86-4A30-AB08-3EF226CEEDFB}.Debug|x64.ActiveCfg = Debug|x64
		{12A64063-7D86-4A30-AB08-3EF226CEEDFB}.Debug|x64.Build.0 = Debug|x64
		{12A64063-7D86-4A30-AB08-3EF226CEEDFB}.Release|Win32.ActiveCfg = Release|Win32
		{12A64063-7D86-4A30-AB08-3EF226CEEDFB}.Release|Win32.Build.0 = Release|Win32
		{12A64063-7D86-4A30-AB08-3EF226CEEDFB}.Release|x64.ActiveCfg = Release|x64
		{12A64063-7D86-4A30-AB08-3EF226CEEDFB}.Release|x64.Build.0 = Release|x64
		{512503B9-9D80-41DA-9213-D900B3F21CEF}.Debug|Win32.ActiveCfg = Debug|Win32
		{512503B9-9D80-41DA-9213-D900B3F21CEF}.Debug|Win32.Build.0 = Debug|Win32
		{512503B9-9D80-41DA-9213-D900B3F21CEF}.Debug|x64.ActiveCfg = Debug|x64
		{512503B9-9D80-41DA-9213-D900B3F21CEF}.Debug|x64.Build.0 = Debug|x64
		{512503B9-9D80-41DA-9213-D900B3F21CEF}.Release|Win32.ActiveCfg = Release|Win32
		{512503B9-9D80-41DA-9213-D900B3F21CEF}.Release|Win32.Build.0 = Release|Win32
		{512503B9-9D80-41DA-9213-D900B3F21CEF}.Release|x64.ActiveCfg = Release|x64
		{512503B9-9D80-41DA-9213-D900B3F21CEF}.Release|x64.Build.0 = Release|x64
	EndGlobalSection
	GlobalSection(SolutionProperties) = preSolution
		HideSolutionNode = FALSE
	EndGlobalSection
EndGlobal
